github.com/gorilla/mux v1.8.0 h1:i40aqfkR1h2SlN9hojwV5ZA91wcXFOvkdNIeFDP5koI=
github.com/gorilla/mux v1.8.0/go.mod h1:DVbg23sWSpFRCP0SfiEN6jmj59UnW/n46BH5rLB71So=
github.com/tbxark/g4vercel v0.0.4 h1:KJGsz0/tarMKwEQbBlToAvcUTvPU5XMz1NJ7WpgwHAw=
github.com/tbxark/g4vercel v0.0.4/go.mod h1:ixnfFruSriTYP/dZ+GxB/hkYMOhmozYkEZ780Ws2Hhk=
